// !$*UTF8*$!
{
	archiveVersion = 1;
	classes = {
	};
	objectVersion = 77;
	objects = {

/* Begin PBXBuildFile section */
		082E46A8306F664300EED5C3 /* CalHubWatch Watch App.app in Embed Watch Content */ = {isa = PBXBuildFile; fileRef = 082E469E306F664200EED5C3 /* CalHubWatch Watch App.app */; settings = {ATTRIBUTES = (RemoveHeadersOnCopy, ); }; };
		082E46B4306F667100EED5C3 /* WidgetKit.framework in Frameworks */ = {isa = PBXBuildFile; fileRef = 082E46B3306F667100EED5C3 /* WidgetKit.framework */; };
		082E46B6306F667100EED5C3 /* SwiftUI.framework in Frameworks */ = {isa = PBXBuildFile; fileRef = 082E46B5306F667100EED5C3 /* SwiftUI.framework */; };
		082E46C1306F667200EED5C3 /* CalHubWatchWidgetExtension.appex in Embed Foundation Extensions */ = {isa = PBXBuildFile; fileRef = 082E46B1306F667100EED5C3 /* CalHubWatchWidgetExtension.appex */; settings = {ATTRIBUTES = (RemoveHeadersOnCopy, ); }; };
		A10000000000000000000020 /* Shift Upload/WidgetCalendarSharedData.swift in Sources */ = {isa = PBXBuildFile; fileRef = A10000000000000000000010 /* Shift Upload/WidgetCalendarSharedData.swift */; };
		A10000000000000000000021 /* Shift Upload/WidgetCalendarSharedData.swift in Sources */ = {isa = PBXBuildFile; fileRef = A10000000000000000000010 /* Shift Upload/WidgetCalendarSharedData.swift */; };
		A10000000000000000000038 /* CalHubWidgetExtension-iOS.appex in Embed App Extensions */ = {isa = PBXBuildFile; fileRef = A10000000000000000000011 /* CalHubWidgetExtension-iOS.appex */; settings = {ATTRIBUTES = (CodeSignOnCopy, RemoveHeadersOnCopy, ); }; };
		A10000000000000000000039 /* CalHubWidgetExtension-macOS.appex in Embed App Extensions */ = {isa = PBXBuildFile; fileRef = A10000000000000000000012 /* CalHubWidgetExtension-macOS.appex */; settings = {ATTRIBUTES = (CodeSignOnCopy, RemoveHeadersOnCopy, ); }; };
/* End PBXBuildFile section */

/* Begin PBXContainerItemProxy section */
		082E46A6306F664300EED5C3 /* PBXContainerItemProxy */ = {
			isa = PBXContainerItemProxy;
			containerPortal = 08264834304FBF7600BEFF29 /* Project object */;
			proxyType = 1;
			remoteGlobalIDString = 082E469D306F664200EED5C3;
			remoteInfo = "CalHubWatch Watch App";
		};
		082E46BF306F667200EED5C3 /* PBXContainerItemProxy */ = {
			isa = PBXContainerItemProxy;
			containerPortal = 08264834304FBF7600BEFF29 /* Project object */;
			proxyType = 1;
			remoteGlobalIDString = 082E46B0306F667100EED5C3;
			remoteInfo = CalHubWatchWidgetExtension;
		};
		A10000000000000000000040 /* PBXContainerItemProxy */ = {
			isa = PBXContainerItemProxy;
			containerPortal = 08264834304FBF7600BEFF29 /* Project object */;
			proxyType = 1;
			remoteGlobalIDString = A10000000000000000000044;
			remoteInfo = "CalHubWidgetExtension-iOS";
		};
		A10000000000000000000041 /* PBXContainerItemProxy */ = {
			isa = PBXContainerItemProxy;
			containerPortal = 08264834304FBF7600BEFF29 /* Project object */;
			proxyType = 1;
			remoteGlobalIDString = A10000000000000000000045;
			remoteInfo = "CalHubWidgetExtension-macOS";
		};
/* End PBXContainerItemProxy section */

/* Begin PBXCopyFilesBuildPhase section */
		082E46AC306F664300EED5C3 /* Embed Watch Content */ = {
			isa = PBXCopyFilesBuildPhase;
			buildActionMask = 2147483647;
			dstPath = "$(CONTENTS_FOLDER_PATH)/Watch";
			dstSubfolderSpec = 16;
			files = (
				082E46A8306F664300EED5C3 /* CalHubWatch Watch App.app in Embed Watch Content */,
			);
			name = "Embed Watch Content";
			runOnlyForDeploymentPostprocessing = 0;
		};
		082E46C6306F667200EED5C3 /* Embed Foundation Extensions */ = {
			isa = PBXCopyFilesBuildPhase;
			buildActionMask = 2147483647;
			dstPath = "";
			dstSubfolderSpec = 13;
			files = (
				082E46C1306F667200EED5C3 /* CalHubWatchWidgetExtension.appex in Embed Foundation Extensions */,
			);
			name = "Embed Foundation Extensions";
			runOnlyForDeploymentPostprocessing = 0;
		};
		A10000000000000000000036 /* Embed App Extensions */ = {
			isa = PBXCopyFilesBuildPhase;
			buildActionMask = 2147483647;
			dstPath = "";
			dstSubfolderSpec = 13;
			files = (
				A10000000000000000000039 /* CalHubWidgetExtension-macOS.appex in Embed App Extensions */,
			);
			name = "Embed App Extensions";
			runOnlyForDeploymentPostprocessing = 0;
		};
		A10000000000000000000037 /* Embed App Extensions */ = {
			isa = PBXCopyFilesBuildPhase;
			buildActionMask = 2147483647;
			dstPath = "";
			dstSubfolderSpec = 13;
			files = (
				A10000000000000000000038 /* CalHubWidgetExtension-iOS.appex in Embed App Extensions */,
			);
			name = "Embed App Extensions";
			runOnlyForDeploymentPostprocessing = 0;
		};
/* End PBXCopyFilesBuildPhase section */

/* Begin PBXFileReference section */
		0826483C304FBF7600BEFF29 /* Cal Hub.app */ = {isa = PBXFileReference; explicitFileType = wrapper.application; includeInIndex = 0; path = "Cal Hub.app"; sourceTree = BUILT_PRODUCTS_DIR; };
		082E469E306F664200EED5C3 /* CalHubWatch Watch App.app */ = {isa = PBXFileReference; explicitFileType = wrapper.application; includeInIndex = 0; path = "CalHubWatch Watch App.app"; sourceTree = BUILT_PRODUCTS_DIR; };
		082E46B1306F667100EED5C3 /* CalHubWatchWidgetExtension.appex */ = {isa = PBXFileReference; explicitFileType = "wrapper.app-extension"; includeInIndex = 0; path = CalHubWatchWidgetExtension.appex; sourceTree = BUILT_PRODUCTS_DIR; };
		082E46B3306F667100EED5C3 /* WidgetKit.framework */ = {isa = PBXFileReference; lastKnownFileType = wrapper.framework; name = WidgetKit.framework; path = System/Library/Frameworks/WidgetKit.framework; sourceTree = SDKROOT; };
		082E46B5306F667100EED5C3 /* SwiftUI.framework */ = {isa = PBXFileReference; lastKnownFileType = wrapper.framework; name = SwiftUI.framework; path = System/Library/Frameworks/SwiftUI.framework; sourceTree = SDKROOT; };
		08BA15AC3053F4E600BDA779 /* Shift Hub iOS.app */ = {isa = PBXFileReference; explicitFileType = wrapper.application; includeInIndex = 0; path = "Shift Hub iOS.app"; sourceTree = BUILT_PRODUCTS_DIR; };
		A10000000000000000000010 /* Shift Upload/WidgetCalendarSharedData.swift */ = {isa = PBXFileReference; lastKnownFileType = sourcecode.swift; path = "Shift Upload/WidgetCalendarSharedData.swift"; sourceTree = "<group>"; };
		A10000000000000000000011 /* CalHubWidgetExtension-iOS.appex */ = {isa = PBXFileReference; explicitFileType = "wrapper.app-extension"; includeInIndex = 0; path = "CalHubWidgetExtension-iOS.appex"; sourceTree = BUILT_PRODUCTS_DIR; };
		A10000000000000000000012 /* CalHubWidgetExtension-macOS.appex */ = {isa = PBXFileReference; explicitFileType = "wrapper.app-extension"; includeInIndex = 0; path = "CalHubWidgetExtension-macOS.appex"; sourceTree = BUILT_PRODUCTS_DIR; };
/* End PBXFileReference section */

/* Begin PBXFileSystemSynchronizedBuildFileExceptionSet section */
		082E46C2306F667200EED5C3 /* Exceptions for "CalHubWatchWidget" folder in "CalHubWatchWidgetExtension" target */ = {
			isa = PBXFileSystemSynchronizedBuildFileExceptionSet;
			membershipExceptions = (
				Info.plist,
			);
			target = 082E46B0306F667100EED5C3 /* CalHubWatchWidgetExtension */;
		};
/* End PBXFileSystemSynchronizedBuildFileExceptionSet section */

/* Begin PBXFileSystemSynchronizedRootGroup section */
		0826483E304FBF7600BEFF29 /* Shift Upload */ = {
			isa = PBXFileSystemSynchronizedRootGroup;
			path = "Shift Upload";
			sourceTree = "<group>";
		};
		082E469F306F664200EED5C3 /* CalHubWatch Watch App */ = {
			isa = PBXFileSystemSynchronizedRootGroup;
			path = "CalHubWatch Watch App";
			sourceTree = "<group>";
		};
		082E46B7306F667100EED5C3 /* CalHubWatchWidget */ = {
			isa = PBXFileSystemSynchronizedRootGroup;
			exceptions = (
				082E46C2306F667200EED5C3 /* Exceptions for "CalHubWatchWidget" folder in "CalHubWatchWidgetExtension" target */,
			);
			path = CalHubWatchWidget;
			sourceTree = "<group>";
		};
		A10000000000000000000004 /* CalHubWidgetExtension */ = {
			isa = PBXFileSystemSynchronizedRootGroup;
			path = CalHubWidgetExtension;
			sourceTree = "<group>";
		};
/* End PBXFileSystemSynchronizedRootGroup section */

/* Begin PBXFrameworksBuildPhase section */
		08264839304FBF7600BEFF29 /* Frameworks */ = {
			isa = PBXFrameworksBuildPhase;
			buildActionMask = 2147483647;
			files = (
			);
			runOnlyForDeploymentPostprocessing = 0;
		};
		08264851304FBF7600BEFF29 /* Frameworks */ = {
			isa = PBXFrameworksBuildPhase;
			buildActionMask = 2147483647;
			files = (
			);
			runOnlyForDeploymentPostprocessing = 0;
		};
		082E469B306F664200EED5C3 /* Frameworks */ = {
			isa = PBXFrameworksBuildPhase;
			buildActionMask = 2147483647;
			files = (
			);
			runOnlyForDeploymentPostprocessing = 0;
		};
		082E46AE306F667100EED5C3 /* Frameworks */ = {
			isa = PBXFrameworksBuildPhase;
			buildActionMask = 2147483647;
			files = (
				082E46B6306F667100EED5C3 /* SwiftUI.framework in Frameworks */,
				082E46B4306F667100EED5C3 /* WidgetKit.framework in Frameworks */,
			);
			runOnlyForDeploymentPostprocessing = 0;
		};
		A10000000000000000000030 /* Frameworks */ = {
			isa = PBXFrameworksBuildPhase;
			buildActionMask = 2147483647;
			files = (
			);
			runOnlyForDeploymentPostprocessing = 0;
		};
		A10000000000000000000031 /* Frameworks */ = {
			isa = PBXFrameworksBuildPhase;
			buildActionMask = 2147483647;
			files = (
			);
			runOnlyForDeploymentPostprocessing = 0;
		};
/* End PBXFrameworksBuildPhase section */

/* Begin PBXGroup section */
		08264833304FBF7600BEFF29 = {
			isa = PBXGroup;
			children = (
				0826483E304FBF7600BEFF29 /* Shift Upload */,
				A10000000000000000000004 /* CalHubWidgetExtension */,
				082E469F306F664200EED5C3 /* CalHubWatch Watch App */,
				082E46B7306F667100EED5C3 /* CalHubWatchWidget */,
				082E46B2306F667100EED5C3 /* Frameworks */,
				0826483D304FBF7600BEFF29 /* Products */,
				08BF252C306D219600E854CE /* Recovered References */,
			);
			sourceTree = "<group>";
		};
		0826483D304FBF7600BEFF29 /* Products */ = {
			isa = PBXGroup;
			children = (
				0826483C304FBF7600BEFF29 /* Cal Hub.app */,
				08BA15AC3053F4E600BDA779 /* Shift Hub iOS.app */,
				A10000000000000000000011 /* CalHubWidgetExtension-iOS.appex */,
				A10000000000000000000012 /* CalHubWidgetExtension-macOS.appex */,
				082E469E306F664200EED5C3 /* CalHubWatch Watch App.app */,
				082E46B1306F667100EED5C3 /* CalHubWatchWidgetExtension.appex */,
			);
			name = Products;
			sourceTree = "<group>";
		};
		082E46B2306F667100EED5C3 /* Frameworks */ = {
			isa = PBXGroup;
			children = (
				082E46B3306F667100EED5C3 /* WidgetKit.framework */,
				082E46B5306F667100EED5C3 /* SwiftUI.framework */,
			);
			name = Frameworks;
			sourceTree = "<group>";
		};
		08BF252C306D219600E854CE /* Recovered References */ = {
			isa = PBXGroup;
			children = (
				A10000000000000000000010 /* Shift Upload/WidgetCalendarSharedData.swift */,
			);
			name = "Recovered References";
			sourceTree = "<group>";
		};
/* End PBXGroup section */

/* Begin PBXNativeTarget section */
		0826483B304FBF7600BEFF29 /* Shift Upload */ = {
			isa = PBXNativeTarget;
			buildConfigurationList = 08264847304FBF7700BEFF29 /* Build configuration list for PBXNativeTarget "Shift Upload" */;
			buildPhases = (
				08264838304FBF7600BEFF29 /* Sources */,
				08264839304FBF7600BEFF29 /* Frameworks */,
				0826483A304FBF7600BEFF29 /* Resources */,
				A10000000000000000000036 /* Embed App Extensions */,
			);
			buildRules = (
			);
			dependencies = (
				A10000000000000000000043 /* PBXTargetDependency */,
			);
			fileSystemSynchronizedGroups = (
				0826483E304FBF7600BEFF29 /* Shift Upload */,
			);
			name = "Shift Upload";
			packageProductDependencies = (
			);
			productName = "Cal Hub";
			productReference = 0826483C304FBF7600BEFF29 /* Cal Hub.app */;
			productType = "com.apple.product-type.application";
		};
		08264854304FBF7600BEFF29 /* Shift Hub iOS */ = {
			isa = PBXNativeTarget;
			buildConfigurationList = 08264855304FBF7600BEFF29 /* Build configuration list for PBXNativeTarget "Shift Hub iOS" */;
			buildPhases = (
				08264852304FBF7600BEFF29 /* Sources */,
				08264851304FBF7600BEFF29 /* Frameworks */,
				08264853304FBF7600BEFF29 /* Resources */,
				A10000000000000000000037 /* Embed App Extensions */,
				082E46AC306F664300EED5C3 /* Embed Watch Content */,
			);
			buildRules = (
			);
			dependencies = (
				A10000000000000000000042 /* PBXTargetDependency */,
				082E46A7306F664300EED5C3 /* PBXTargetDependency */,
			);
			fileSystemSynchronizedGroups = (
				0826483E304FBF7600BEFF29 /* Shift Upload */,
			);
			name = "Shift Hub iOS";
			packageProductDependencies = (
			);
			productName = "Shift Hub iOS";
			productReference = 08BA15AC3053F4E600BDA779 /* Shift Hub iOS.app */;
			productType = "com.apple.product-type.application";
		};
		082E469D306F664200EED5C3 /* CalHubWatch Watch App */ = {
			isa = PBXNativeTarget;
			buildConfigurationList = 082E46A9306F664300EED5C3 /* Build configuration list for PBXNativeTarget "CalHubWatch Watch App" */;
			buildPhases = (
				082E469A306F664200EED5C3 /* Sources */,
				082E469B306F664200EED5C3 /* Frameworks */,
				082E469C306F664200EED5C3 /* Resources */,
				082E46C6306F667200EED5C3 /* Embed Foundation Extensions */,
			);
			buildRules = (
			);
			dependencies = (
				082E46C0306F667200EED5C3 /* PBXTargetDependency */,
			);
			fileSystemSynchronizedGroups = (
				082E469F306F664200EED5C3 /* CalHubWatch Watch App */,
			);
			name = "CalHubWatch Watch App";
			packageProductDependencies = (
			);
			productName = "CalHubWatch Watch App";
			productReference = 082E469E306F664200EED5C3 /* CalHubWatch Watch App.app */;
			productType = "com.apple.product-type.application";
		};
		082E46B0306F667100EED5C3 /* CalHubWatchWidgetExtension */ = {
			isa = PBXNativeTarget;
			buildConfigurationList = 082E46C3306F667200EED5C3 /* Build configuration list for PBXNativeTarget "CalHubWatchWidgetExtension" */;
			buildPhases = (
				082E46AD306F667100EED5C3 /* Sources */,
				082E46AE306F667100EED5C3 /* Frameworks */,
				082E46AF306F667100EED5C3 /* Resources */,
			);
			buildRules = (
			);
			dependencies = (
			);
			fileSystemSynchronizedGroups = (
				082E46B7306F667100EED5C3 /* CalHubWatchWidget */,
			);
			name = CalHubWatchWidgetExtension;
			packageProductDependencies = (
			);
			productName = CalHubWatchWidgetExtension;
			productReference = 082E46B1306F667100EED5C3 /* CalHubWatchWidgetExtension.appex */;
			productType = "com.apple.product-type.app-extension";
		};
		A10000000000000000000044 /* CalHubWidgetExtension-iOS */ = {
			isa = PBXNativeTarget;
			buildConfigurationList = A10000000000000000000046 /* Build configuration list for PBXNativeTarget "CalHubWidgetExtension-iOS" */;
			buildPhases = (
				A10000000000000000000034 /* Sources */,
				A10000000000000000000030 /* Frameworks */,
				A10000000000000000000032 /* Resources */,
			);
			buildRules = (
			);
			dependencies = (
			);
			fileSystemSynchronizedGroups = (
				A10000000000000000000004 /* CalHubWidgetExtension */,
			);
			name = "CalHubWidgetExtension-iOS";
			packageProductDependencies = (
			);
			productName = "CalHubWidgetExtension-iOS";
			productReference = A10000000000000000000011 /* CalHubWidgetExtension-iOS.appex */;
			productType = "com.apple.product-type.app-extension";
		};
		A10000000000000000000045 /* CalHubWidgetExtension-macOS */ = {
			isa = PBXNativeTarget;
			buildConfigurationList = A10000000000000000000047 /* Build configuration list for PBXNativeTarget "CalHubWidgetExtension-macOS" */;
			buildPhases = (
				A10000000000000000000035 /* Sources */,
				A10000000000000000000031 /* Frameworks */,
				A10000000000000000000033 /* Resources */,
			);
			buildRules = (
			);
			dependencies = (
			);
			fileSystemSynchronizedGroups = (
				A10000000000000000000004 /* CalHubWidgetExtension */,
			);
			name = "CalHubWidgetExtension-macOS";
			packageProductDependencies = (
			);
			productName = "CalHubWidgetExtension-macOS";
			productReference = A10000000000000000000012 /* CalHubWidgetExtension-macOS.appex */;
			productType = "com.apple.product-type.app-extension";
		};
/* End PBXNativeTarget section */

/* Begin PBXProject section */
		08264834304FBF7600BEFF29 /* Project object */ = {
			isa = PBXProject;
			attributes = {
				BuildIndependentTargetsInParallel = 1;
				LastSwiftUpdateCheck = 2700;
				LastUpgradeCheck = 2660;
				TargetAttributes = {
					0826483B304FBF7600BEFF29 = {
						CreatedOnToolsVersion = 26.6;
						SystemCapabilities = {
							com.apple.iCloud = {
								enabled = 1;
							};
						};
					};
					08264854304FBF7600BEFF29 = {
						SystemCapabilities = {
							com.apple.ApplicationGroups = {
								enabled = 1;
							};
							com.apple.iCloud = {
								enabled = 1;
							};
						};
					};
					082E469D306F664200EED5C3 = {
						CreatedOnToolsVersion = 27.0;
					};
					082E46B0306F667100EED5C3 = {
						CreatedOnToolsVersion = 27.0;
					};
					A10000000000000000000044 = {
						CreatedOnToolsVersion = 26.6;
						SystemCapabilities = {
							com.apple.ApplicationGroups = {
								enabled = 1;
							};
						};
					};
					A10000000000000000000045 = {
						CreatedOnToolsVersion = 26.6;
						SystemCapabilities = {
							com.apple.ApplicationGroups = {
								enabled = 1;
							};
						};
					};
				};
			};
			buildConfigurationList = 08264837304FBF7600BEFF29 /* Build configuration list for PBXProject "Shift Upload" */;
			developmentRegion = en;
			hasScannedForEncodings = 0;
			knownRegions = (
				en,
				Base,
				ja,
			);
			mainGroup = 08264833304FBF7600BEFF29;
			minimizedProjectReferenceProxies = 1;
			preferredProjectObjectVersion = 77;
			productRefGroup = 0826483D304FBF7600BEFF29 /* Products */;
			projectDirPath = "";
			projectRoot = "";
			targets = (
				0826483B304FBF7600BEFF29 /* Shift Upload */,
				08264854304FBF7600BEFF29 /* Shift Hub iOS */,
				A10000000000000000000044 /* CalHubWidgetExtension-iOS */,
				A10000000000000000000045 /* CalHubWidgetExtension-macOS */,
				082E469D306F664200EED5C3 /* CalHubWatch Watch App */,
				082E46B0306F667100EED5C3 /* CalHubWatchWidgetExtension */,
			);
		};
/* End PBXProject section */

/* Begin PBXResourcesBuildPhase section */
		0826483A304FBF7600BEFF29 /* Resources */ = {
			isa = PBXResourcesBuildPhase;
			buildActionMask = 2147483647;
			files = (
			);
			runOnlyForDeploymentPostprocessing = 0;
		};
		08264853304FBF7600BEFF29 /* Resources */ = {
			isa = PBXResourcesBuildPhase;
			buildActionMask = 2147483647;
			files = (
			);
			runOnlyForDeploymentPostprocessing = 0;
		};
		082E469C306F664200EED5C3 /* Resources */ = {
			isa = PBXResourcesBuildPhase;
			buildActionMask = 2147483647;
			files = (
			);
			runOnlyForDeploymentPostprocessing = 0;
		};
		082E46AF306F667100EED5C3 /* Resources */ = {
			isa = PBXResourcesBuildPhase;
			buildActionMask = 2147483647;
			files = (
			);
			runOnlyForDeploymentPostprocessing = 0;
		};
		A10000000000000000000032 /* Resources */ = {
			isa = PBXResourcesBuildPhase;
			buildActionMask = 2147483647;
			files = (
			);
			runOnlyForDeploymentPostprocessing = 0;
		};
		A10000000000000000000033 /* Resources */ = {
			isa = PBXResourcesBuildPhase;
			buildActionMask = 2147483647;
			files = (
			);
			runOnlyForDeploymentPostprocessing = 0;
		};
/* End PBXResourcesBuildPhase section */

/* Begin PBXSourcesBuildPhase section */
		08264838304FBF7600BEFF29 /* Sources */ = {
			isa = PBXSourcesBuildPhase;
			buildActionMask = 2147483647;
			files = (
			);
			runOnlyForDeploymentPostprocessing = 0;
		};
		08264852304FBF7600BEFF29 /* Sources */ = {
			isa = PBXSourcesBuildPhase;
			buildActionMask = 2147483647;
			files = (
			);
			runOnlyForDeploymentPostprocessing = 0;
		};
		082E469A306F664200EED5C3 /* Sources */ = {
			isa = PBXSourcesBuildPhase;
			buildActionMask = 2147483647;
			files = (
			);
			runOnlyForDeploymentPostprocessing = 0;
		};
		082E46AD306F667100EED5C3 /* Sources */ = {
			isa = PBXSourcesBuildPhase;
			buildActionMask = 2147483647;
			files = (
			);
			runOnlyForDeploymentPostprocessing = 0;
		};
		A10000000000000000000034 /* Sources */ = {
			isa = PBXSourcesBuildPhase;
			buildActionMask = 2147483647;
			files = (
				A10000000000000000000020 /* Shift Upload/WidgetCalendarSharedData.swift in Sources */,
			);
			runOnlyForDeploymentPostprocessing = 0;
		};
		A10000000000000000000035 /* Sources */ = {
			isa = PBXSourcesBuildPhase;
			buildActionMask = 2147483647;
			files = (
				A10000000000000000000021 /* Shift Upload/WidgetCalendarSharedData.swift in Sources */,
			);
			runOnlyForDeploymentPostprocessing = 0;
		};
/* End PBXSourcesBuildPhase section */

/* Begin PBXTargetDependency section */
		082E46A7306F664300EED5C3 /* PBXTargetDependency */ = {
			isa = PBXTargetDependency;
			target = 082E469D306F664200EED5C3 /* CalHubWatch Watch App */;
			targetProxy = 082E46A6306F664300EED5C3 /* PBXContainerItemProxy */;
		};
		082E46C0306F667200EED5C3 /* PBXTargetDependency */ = {
			isa = PBXTargetDependency;
			target = 082E46B0306F667100EED5C3 /* CalHubWatchWidgetExtension */;
			targetProxy = 082E46BF306F667200EED5C3 /* PBXContainerItemProxy */;
		};
		A10000000000000000000042 /* PBXTargetDependency */ = {
			isa = PBXTargetDependency;
			target = A10000000000000000000044 /* CalHubWidgetExtension-iOS */;
			targetProxy = A10000000000000000000040 /* PBXContainerItemProxy */;
		};
		A10000000000000000000043 /* PBXTargetDependency */ = {
			isa = PBXTargetDependency;
			target = A10000000000000000000045 /* CalHubWidgetExtension-macOS */;
			targetProxy = A10000000000000000000041 /* PBXContainerItemProxy */;
		};
/* End PBXTargetDependency section */

/* Begin XCBuildConfiguration section */
		08264845304FBF7700BEFF29 /* Debug */ = {
			isa = XCBuildConfiguration;
			buildSettings = {
				ALWAYS_SEARCH_USER_PATHS = NO;
				ASSETCATALOG_COMPILER_GENERATE_SWIFT_ASSET_SYMBOL_EXTENSIONS = YES;
				CLANG_ANALYZER_LOCALIZABILITY_NONLOCALIZED = YES;
				CLANG_ANALYZER_NONNULL = YES;
				CLANG_ANALYZER_NUMBER_OBJECT_CONVERSION = YES_AGGRESSIVE;
				CLANG_CXX_LANGUAGE_STANDARD = "gnu++20";
				CLANG_ENABLE_MODULES = YES;
				CLANG_ENABLE_OBJC_ARC = YES;
				CLANG_ENABLE_OBJC_WEAK = YES;
				CLANG_WARN_BLOCK_CAPTURE_AUTORELEASING = YES;
				CLANG_WARN_BOOL_CONVERSION = YES;
				CLANG_WARN_COMMA = YES;
				CLANG_WARN_CONSTANT_CONVERSION = YES;
				CLANG_WARN_DEPRECATED_OBJC_IMPLEMENTATIONS = YES;
				CLANG_WARN_DIRECT_OBJC_ISA_USAGE = YES_ERROR;
				CLANG_WARN_DOCUMENTATION_COMMENTS = YES;
				CLANG_WARN_EMPTY_BODY = YES;
				CLANG_WARN_ENUM_CONVERSION = YES;
				CLANG_WARN_INFINITE_RECURSION = YES;
				CLANG_WARN_INT_CONVERSION = YES;
				CLANG_WARN_NON_LITERAL_NULL_CONVERSION = YES;
				CLANG_WARN_OBJC_IMPLICIT_RETAIN_SELF = YES;
				CLANG_WARN_OBJC_LITERAL_CONVERSION = YES;
				CLANG_WARN_OBJC_ROOT_CLASS = YES_ERROR;
				CLANG_WARN_QUOTED_INCLUDE_IN_FRAMEWORK_HEADER = YES;
				CLANG_WARN_RANGE_LOOP_ANALYSIS = YES;
				CLANG_WARN_STRICT_PROTOTYPES = YES;
				CLANG_WARN_SUSPICIOUS_MOVE = YES;
				CLANG_WARN_UNGUARDED_AVAILABILITY = YES_AGGRESSIVE;
				CLANG_WARN_UNREACHABLE_CODE = YES;
				CLANG_WARN__DUPLICATE_METHOD_MATCH = YES;
				COPY_PHASE_STRIP = NO;
				DEAD_CODE_STRIPPING = YES;
				DEBUG_INFORMATION_FORMAT = dwarf;
				DEVELOPMENT_TEAM = DU562ND7L2;
				ENABLE_STRICT_OBJC_MSGSEND = YES;
				ENABLE_TESTABILITY = YES;
				ENABLE_USER_SCRIPT_SANDBOXING = YES;
				GCC_C_LANGUAGE_STANDARD = gnu17;
				GCC_DYNAMIC_NO_PIC = NO;
				GCC_NO_COMMON_BLOCKS = YES;
				GCC_OPTIMIZATION_LEVEL = 0;
				GCC_PREPROCESSOR_DEFINITIONS = (
					"DEBUG=1",
					"$(inherited)",
				);
				GCC_WARN_64_TO_32_BIT_CONVERSION = YES;
				GCC_WARN_ABOUT_RETURN_TYPE = YES_ERROR;
				GCC_WARN_UNDECLARED_SELECTOR = YES;
				GCC_WARN_UNINITIALIZED_AUTOS = YES_AGGRESSIVE;
				GCC_WARN_UNUSED_FUNCTION = YES;
				GCC_WARN_UNUSED_VARIABLE = YES;
				LOCALIZATION_PREFERS_STRING_CATALOGS = YES;
				MACOSX_DEPLOYMENT_TARGET = 26.5;
				MTL_ENABLE_DEBUG_INFO = INCLUDE_SOURCE;
				MTL_FAST_MATH = YES;
				ONLY_ACTIVE_ARCH = YES;
				SDKROOT = macosx;
				STRING_CATALOG_GENERATE_SYMBOLS = YES;
				SWIFT_ACTIVE_COMPILATION_CONDITIONS = "DEBUG $(inherited)";
				SWIFT_OPTIMIZATION_LEVEL = "-Onone";
			};
			name = Debug;
		};
		08264846304FBF7700BEFF29 /* Release */ = {
			isa = XCBuildConfiguration;
			buildSettings = {
				ALWAYS_SEARCH_USER_PATHS = NO;
				ASSETCATALOG_COMPILER_GENERATE_SWIFT_ASSET_SYMBOL_EXTENSIONS = YES;
				CLANG_ANALYZER_LOCALIZABILITY_NONLOCALIZED = YES;
				CLANG_ANALYZER_NONNULL = YES;
				CLANG_ANALYZER_NUMBER_OBJECT_CONVERSION = YES_AGGRESSIVE;
				CLANG_CXX_LANGUAGE_STANDARD = "gnu++20";
				CLANG_ENABLE_MODULES = YES;
				CLANG_ENABLE_OBJC_ARC = YES;
				CLANG_ENABLE_OBJC_WEAK = YES;
				CLANG_WARN_BLOCK_CAPTURE_AUTORELEASING = YES;
				CLANG_WARN_BOOL_CONVERSION = YES;
				CLANG_WARN_COMMA = YES;
				CLANG_WARN_CONSTANT_CONVERSION = YES;
				CLANG_WARN_DEPRECATED_OBJC_IMPLEMENTATIONS = YES;
				CLANG_WARN_DIRECT_OBJC_ISA_USAGE = YES_ERROR;
				CLANG_WARN_DOCUMENTATION_COMMENTS = YES;
				CLANG_WARN_EMPTY_BODY = YES;
				CLANG_WARN_ENUM_CONVERSION = YES;
				CLANG_WARN_INFINITE_RECURSION = YES;
				CLANG_WARN_INT_CONVERSION = YES;
				CLANG_WARN_NON_LITERAL_NULL_CONVERSION = YES;
				CLANG_WARN_OBJC_IMPLICIT_RETAIN_SELF = YES;
				CLANG_WARN_OBJC_LITERAL_CONVERSION = YES;
				CLANG_WARN_OBJC_ROOT_CLASS = YES_ERROR;
				CLANG_WARN_QUOTED_INCLUDE_IN_FRAMEWORK_HEADER = YES;
				CLANG_WARN_RANGE_LOOP_ANALYSIS = YES;
				CLANG_WARN_STRICT_PROTOTYPES = YES;
				CLANG_WARN_SUSPICIOUS_MOVE = YES;
				CLANG_WARN_UNGUARDED_AVAILABILITY = YES_AGGRESSIVE;
				CLANG_WARN_UNREACHABLE_CODE = YES;
				CLANG_WARN__DUPLICATE_METHOD_MATCH = YES;
				COPY_PHASE_STRIP = NO;
				DEAD_CODE_STRIPPING = YES;
				DEBUG_INFORMATION_FORMAT = "dwarf-with-dsym";
				DEVELOPMENT_TEAM = DU562ND7L2;
				ENABLE_NS_ASSERTIONS = NO;
				ENABLE_STRICT_OBJC_MSGSEND = YES;
				ENABLE_USER_SCRIPT_SANDBOXING = YES;
				GCC_C_LANGUAGE_STANDARD = gnu17;
				GCC_NO_COMMON_BLOCKS = YES;
				GCC_WARN_64_TO_32_BIT_CONVERSION = YES;
				GCC_WARN_ABOUT_RETURN_TYPE = YES_ERROR;
				GCC_WARN_UNDECLARED_SELECTOR = YES;
				GCC_WARN_UNINITIALIZED_AUTOS = YES_AGGRESSIVE;
				GCC_WARN_UNUSED_FUNCTION = YES;
				GCC_WARN_UNUSED_VARIABLE = YES;
				LOCALIZATION_PREFERS_STRING_CATALOGS = YES;
				MACOSX_DEPLOYMENT_TARGET = 26.5;
				MTL_ENABLE_DEBUG_INFO = NO;
				MTL_FAST_MATH = YES;
				SDKROOT = macosx;
				STRING_CATALOG_GENERATE_SYMBOLS = YES;
				SWIFT_COMPILATION_MODE = wholemodule;
			};
			name = Release;
		};
		08264848304FBF7700BEFF29 /* Debug */ = {
			isa = XCBuildConfiguration;
			buildSettings = {
				ASSETCATALOG_COMPILER_APPICON_NAME = AppIcon;
				ASSETCATALOG_COMPILER_GLOBAL_ACCENT_COLOR_NAME = AccentColor;
				CODE_SIGN_ENTITLEMENTS = "Shift Upload/Shift Upload.entitlements";
				CODE_SIGN_STYLE = Automatic;
				COMBINE_HIDPI_IMAGES = YES;
				CURRENT_PROJECT_VERSION = 1;
				DEAD_CODE_STRIPPING = YES;
				DEVELOPMENT_TEAM = DU562ND7L2;
				ENABLE_APP_SANDBOX = YES;
				ENABLE_HARDENED_RUNTIME = YES;
				ENABLE_PREVIEWS = YES;
				ENABLE_USER_SELECTED_FILES = readonly;
				GENERATE_INFOPLIST_FILE = NO;
				INFOPLIST_FILE = "Shift Upload-Info.plist";
				INFOPLIST_KEY_CFBundleDisplayName = "Cal Hub";
				INFOPLIST_KEY_CFBundleName = "Cal Hub";
				INFOPLIST_KEY_NSCalendarsFullAccessUsageDescription = "勤務イベントを登録するカレンダーを選択するために使用します。";
				INFOPLIST_KEY_NSHumanReadableCopyright = "Copyright © 2026 Tomoaki Narita. All rights reserved.";
				LD_RUNPATH_SEARCH_PATHS = (
					"$(inherited)",
					"@executable_path/../Frameworks",
				);
				MARKETING_VERSION = 1.0;
				PRODUCT_BUNDLE_IDENTIFIER = "net.unwraps.Shift-Upload";
				PRODUCT_NAME = "Cal Hub";
				REGISTER_APP_GROUPS = YES;
				STRING_CATALOG_GENERATE_SYMBOLS = YES;
				SWIFT_APPROACHABLE_CONCURRENCY = YES;
				SWIFT_DEFAULT_ACTOR_ISOLATION = MainActor;
				SWIFT_EMIT_LOC_STRINGS = YES;
				SWIFT_UPCOMING_FEATURE_MEMBER_IMPORT_VISIBILITY = YES;
				SWIFT_VERSION = 5.0;
			};
			name = Debug;
		};
		08264849304FBF7700BEFF29 /* Release */ = {
			isa = XCBuildConfiguration;
			buildSettings = {
				ASSETCATALOG_COMPILER_APPICON_NAME = AppIcon;
				ASSETCATALOG_COMPILER_GLOBAL_ACCENT_COLOR_NAME = AccentColor;
				CODE_SIGN_ENTITLEMENTS = "Shift Upload/Shift Upload.entitlements";
				CODE_SIGN_STYLE = Automatic;
				COMBINE_HIDPI_IMAGES = YES;
				CURRENT_PROJECT_VERSION = 1;
				DEAD_CODE_STRIPPING = YES;
				DEVELOPMENT_TEAM = DU562ND7L2;
				ENABLE_APP_SANDBOX = YES;
				ENABLE_HARDENED_RUNTIME = YES;
				ENABLE_PREVIEWS = YES;
				ENABLE_USER_SELECTED_FILES = readonly;
				GENERATE_INFOPLIST_FILE = NO;
				INFOPLIST_FILE = "Shift Upload-Info.plist";
				INFOPLIST_KEY_CFBundleDisplayName = "Cal Hub";
				INFOPLIST_KEY_CFBundleName = "Cal Hub";
				INFOPLIST_KEY_NSCalendarsFullAccessUsageDescription = "勤務イベントを登録するカレンダーを選択するために使用します。";
				INFOPLIST_KEY_NSHumanReadableCopyright = "Copyright © 2026 Tomoaki Narita. All rights reserved.";
				LD_RUNPATH_SEARCH_PATHS = (
					"$(inherited)",
					"@executable_path/../Frameworks",
				);
				MARKETING_VERSION = 1.0;
				PRODUCT_BUNDLE_IDENTIFIER = "net.unwraps.Shift-Upload";
				PRODUCT_NAME = "Cal Hub";
				REGISTER_APP_GROUPS = YES;
				STRING_CATALOG_GENERATE_SYMBOLS = YES;
				SWIFT_APPROACHABLE_CONCURRENCY = YES;
				SWIFT_DEFAULT_ACTOR_ISOLATION = MainActor;
				SWIFT_EMIT_LOC_STRINGS = YES;
				SWIFT_UPCOMING_FEATURE_MEMBER_IMPORT_VISIBILITY = YES;
				SWIFT_VERSION = 5.0;
			};
			name = Release;
		};
		08264856304FBF7600BEFF29 /* Debug */ = {
			isa = XCBuildConfiguration;
			buildSettings = {
				ASSETCATALOG_COMPILER_APPICON_NAME = AppIcon;
				ASSETCATALOG_COMPILER_GLOBAL_ACCENT_COLOR_NAME = AccentColor;
				CODE_SIGN_ENTITLEMENTS = "Shift Upload/Shift Hub iOS.entitlements";
				CODE_SIGN_STYLE = Automatic;
				CURRENT_PROJECT_VERSION = 1;
				DEVELOPMENT_TEAM = DU562ND7L2;
				GENERATE_INFOPLIST_FILE = NO;
				INFOPLIST_FILE = "Shift Hub iOS-Info.plist";
				INFOPLIST_KEY_CFBundleDisplayName = "Cal Hub";
				INFOPLIST_KEY_CFBundleName = "Cal Hub";
				INFOPLIST_KEY_CFBundleURLTypes = "{\n    CFBundleTypeRole = Editor;\n    CFBundleURLSchemes =     (\n        \"com.googleusercontent.apps.286738733463-lihm8melqntpfekgp9npr2i16b5dlv8p\"\n    );\n}";
				INFOPLIST_KEY_NSCalendarsFullAccessUsageDescription = "勤務イベントを登録するカレンダーを選択するために使用します。";
				INFOPLIST_KEY_NSCalendarsUsageDescription = "勤務イベントを登録するカレンダーを選択するために使用します。";
				INFOPLIST_KEY_NSHumanReadableCopyright = "Copyright © 2026 Tomoaki Narita. All rights reserved.";
				INFOPLIST_KEY_UILaunchScreen_Generation = YES;
				INFOPLIST_KEY_UISupportedInterfaceOrientations_iPad = "UIInterfaceOrientationPortrait UIInterfaceOrientationPortraitUpsideDown UIInterfaceOrientationLandscapeLeft UIInterfaceOrientationLandscapeRight";
				INFOPLIST_KEY_UISupportedInterfaceOrientations_iPhone = "UIInterfaceOrientationPortrait UIInterfaceOrientationPortraitUpsideDown UIInterfaceOrientationLandscapeLeft UIInterfaceOrientationLandscapeRight";
				IPHONEOS_DEPLOYMENT_TARGET = 18.0;
				MARKETING_VERSION = 1.0;
				PRODUCT_BUNDLE_IDENTIFIER = "net.unwraps.Shift-Hub.iOS";
				PRODUCT_NAME = "Shift Hub iOS";
				SDKROOT = iphoneos;
				SWIFT_ACTIVE_COMPILATION_CONDITIONS = "DEBUG $(inherited)";
				SWIFT_APPROACHABLE_CONCURRENCY = YES;
				SWIFT_DEFAULT_ACTOR_ISOLATION = MainActor;
				SWIFT_EMIT_LOC_STRINGS = YES;
				SWIFT_UPCOMING_FEATURE_MEMBER_IMPORT_VISIBILITY = YES;
				SWIFT_VERSION = 5.0;
				TARGETED_DEVICE_FAMILY = "1,2";
			};
			name = Debug;
		};
		08264857304FBF7600BEFF29 /* Release */ = {
			isa = XCBuildConfiguration;
			buildSettings = {
				ASSETCATALOG_COMPILER_APPICON_NAME = AppIcon;
				ASSETCATALOG_COMPILER_GLOBAL_ACCENT_COLOR_NAME = AccentColor;
				CODE_SIGN_ENTITLEMENTS = "Shift Upload/Shift Hub iOS.entitlements";
				CODE_SIGN_STYLE = Automatic;
				CURRENT_PROJECT_VERSION = 1;
				DEVELOPMENT_TEAM = DU562ND7L2;
				GENERATE_INFOPLIST_FILE = NO;
				INFOPLIST_FILE = "Shift Hub iOS-Info.plist";
				INFOPLIST_KEY_CFBundleDisplayName = "Cal Hub";
				INFOPLIST_KEY_CFBundleName = "Cal Hub";
				INFOPLIST_KEY_CFBundleURLTypes = "{\n    CFBundleTypeRole = Editor;\n    CFBundleURLSchemes =     (\n        \"com.googleusercontent.apps.286738733463-lihm8melqntpfekgp9npr2i16b5dlv8p\"\n    );\n}";
				INFOPLIST_KEY_NSCalendarsFullAccessUsageDescription = "勤務イベントを登録するカレンダーを選択するために使用します。";
				INFOPLIST_KEY_NSCalendarsUsageDescription = "勤務イベントを登録するカレンダーを選択するために使用します。";
				INFOPLIST_KEY_NSHumanReadableCopyright = "Copyright © 2026 Tomoaki Narita. All rights reserved.";
				INFOPLIST_KEY_UILaunchScreen_Generation = YES;
				INFOPLIST_KEY_UISupportedInterfaceOrientations_iPad = "UIInterfaceOrientationPortrait UIInterfaceOrientationPortraitUpsideDown UIInterfaceOrientationLandscapeLeft UIInterfaceOrientationLandscapeRight";
				INFOPLIST_KEY_UISupportedInterfaceOrientations_iPhone = "UIInterfaceOrientationPortrait UIInterfaceOrientationPortraitUpsideDown UIInterfaceOrientationLandscapeLeft UIInterfaceOrientationLandscapeRight";
				IPHONEOS_DEPLOYMENT_TARGET = 18.0;
				MARKETING_VERSION = 1.0;
				PRODUCT_BUNDLE_IDENTIFIER = "net.unwraps.Shift-Hub.iOS";
				PRODUCT_NAME = "Shift Hub iOS";
				SDKROOT = iphoneos;
				SWIFT_APPROACHABLE_CONCURRENCY = YES;
				SWIFT_DEFAULT_ACTOR_ISOLATION = MainActor;
				SWIFT_EMIT_LOC_STRINGS = YES;
				SWIFT_UPCOMING_FEATURE_MEMBER_IMPORT_VISIBILITY = YES;
				SWIFT_VERSION = 5.0;
				TARGETED_DEVICE_FAMILY = "1,2";
			};
			name = Release;
		};
		082E46AA306F664300EED5C3 /* Debug */ = {
			isa = XCBuildConfiguration;
			buildSettings = {
				ASSETCATALOG_COMPILER_APPICON_NAME = AppIcon;
				ASSETCATALOG_COMPILER_GLOBAL_ACCENT_COLOR_NAME = AccentColor;
				CODE_SIGN_ENTITLEMENTS = "CalHubWatch Watch App/CalHubWatch.entitlements";
				CODE_SIGN_STYLE = Automatic;
				CURRENT_PROJECT_VERSION = 1;
				DEVELOPMENT_TEAM = DU562ND7L2;
				ENABLE_PREVIEWS = YES;
				GENERATE_INFOPLIST_FILE = YES;
				INFOPLIST_KEY_CFBundleDisplayName = "Cal Hub";
				INFOPLIST_KEY_UISupportedInterfaceOrientations = "UIInterfaceOrientationPortrait UIInterfaceOrientationPortraitUpsideDown";
				INFOPLIST_KEY_WKCompanionAppBundleIdentifier = "net.unwraps.Shift-Hub.iOS";
				LD_RUNPATH_SEARCH_PATHS = (
					"$(inherited)",
					"@executable_path/Frameworks",
				);
				MARKETING_VERSION = 1.0;
				PRODUCT_BUNDLE_IDENTIFIER = "net.unwraps.Shift-Hub.iOS.watchkitapp";
				PRODUCT_NAME = "$(TARGET_NAME)";
				SDKROOT = watchos;
				SKIP_INSTALL = YES;
				STRING_CATALOG_GENERATE_SYMBOLS = YES;
				SWIFT_APPROACHABLE_CONCURRENCY = YES;
				SWIFT_DEFAULT_ACTOR_ISOLATION = MainActor;
				SWIFT_EMIT_LOC_STRINGS = YES;
				SWIFT_UPCOMING_FEATURE_MEMBER_IMPORT_VISIBILITY = YES;
				SWIFT_VERSION = 5.0;
				TARGETED_DEVICE_FAMILY = 4;
				WATCHOS_DEPLOYMENT_TARGET = 10.0;
			};
			name = Debug;
		};
		082E46AB306F664300EED5C3 /* Release */ = {
			isa = XCBuildConfiguration;
			buildSettings = {
				ASSETCATALOG_COMPILER_APPICON_NAME = AppIcon;
				ASSETCATALOG_COMPILER_GLOBAL_ACCENT_COLOR_NAME = AccentColor;
				CODE_SIGN_ENTITLEMENTS = "CalHubWatch Watch App/CalHubWatch.entitlements";
				CODE_SIGN_STYLE = Automatic;
				CURRENT_PROJECT_VERSION = 1;
				DEVELOPMENT_TEAM = DU562ND7L2;
				ENABLE_PREVIEWS = YES;
				GENERATE_INFOPLIST_FILE = YES;
				INFOPLIST_KEY_CFBundleDisplayName = "Cal Hub";
				INFOPLIST_KEY_UISupportedInterfaceOrientations = "UIInterfaceOrientationPortrait UIInterfaceOrientationPortraitUpsideDown";
				INFOPLIST_KEY_WKCompanionAppBundleIdentifier = "net.unwraps.Shift-Hub.iOS";
				LD_RUNPATH_SEARCH_PATHS = (
					"$(inherited)",
					"@executable_path/Frameworks",
				);
				MARKETING_VERSION = 1.0;
				PRODUCT_BUNDLE_IDENTIFIER = "net.unwraps.Shift-Hub.iOS.watchkitapp";
				PRODUCT_NAME = "$(TARGET_NAME)";
				SDKROOT = watchos;
				SKIP_INSTALL = YES;
				STRING_CATALOG_GENERATE_SYMBOLS = YES;
				SWIFT_APPROACHABLE_CONCURRENCY = YES;
				SWIFT_DEFAULT_ACTOR_ISOLATION = MainActor;
				SWIFT_EMIT_LOC_STRINGS = YES;
				SWIFT_UPCOMING_FEATURE_MEMBER_IMPORT_VISIBILITY = YES;
				SWIFT_VERSION = 5.0;
				TARGETED_DEVICE_FAMILY = 4;
				VALIDATE_PRODUCT = YES;
				WATCHOS_DEPLOYMENT_TARGET = 10.0;
			};
			name = Release;
		};
		082E46C4306F667200EED5C3 /* Debug */ = {
			isa = XCBuildConfiguration;
			buildSettings = {
				ASSETCATALOG_COMPILER_GLOBAL_ACCENT_COLOR_NAME = AccentColor;
				ASSETCATALOG_COMPILER_WIDGET_BACKGROUND_COLOR_NAME = WidgetBackground;
				CODE_SIGN_ENTITLEMENTS = CalHubWatchWidget/CalHubWatchWidget.entitlements;
				CODE_SIGN_STYLE = Automatic;
				CURRENT_PROJECT_VERSION = 1;
				DEVELOPMENT_TEAM = DU562ND7L2;
				GENERATE_INFOPLIST_FILE = YES;
				INFOPLIST_FILE = CalHubWatchWidget/Info.plist;
				INFOPLIST_KEY_CFBundleDisplayName = "Cal Hub";
				INFOPLIST_KEY_NSHumanReadableCopyright = "";
				LD_RUNPATH_SEARCH_PATHS = (
					"$(inherited)",
					"@executable_path/Frameworks",
					"@executable_path/../../Frameworks",
					"@executable_path/../../../../Frameworks",
				);
				MARKETING_VERSION = 1.0;
				PRODUCT_BUNDLE_IDENTIFIER = "net.unwraps.Shift-Hub.iOS.watchkitapp.widget";
				PRODUCT_NAME = "$(TARGET_NAME)";
				SDKROOT = watchos;
				SKIP_INSTALL = YES;
				STRING_CATALOG_GENERATE_SYMBOLS = YES;
				SWIFT_APPROACHABLE_CONCURRENCY = YES;
				SWIFT_EMIT_LOC_STRINGS = YES;
				SWIFT_UPCOMING_FEATURE_MEMBER_IMPORT_VISIBILITY = YES;
				SWIFT_VERSION = 5.0;
				TARGETED_DEVICE_FAMILY = 4;
				WATCHOS_DEPLOYMENT_TARGET = 10.0;
			};
			name = Debug;
		};
		082E46C5306F667200EED5C3 /* Release */ = {
			isa = XCBuildConfiguration;
			buildSettings = {
				ASSETCATALOG_COMPILER_GLOBAL_ACCENT_COLOR_NAME = AccentColor;
				ASSETCATALOG_COMPILER_WIDGET_BACKGROUND_COLOR_NAME = WidgetBackground;
				CODE_SIGN_ENTITLEMENTS = CalHubWatchWidget/CalHubWatchWidget.entitlements;
				CODE_SIGN_STYLE = Automatic;
				CURRENT_PROJECT_VERSION = 1;
				DEVELOPMENT_TEAM = DU562ND7L2;
				GENERATE_INFOPLIST_FILE = YES;
				INFOPLIST_FILE = CalHubWatchWidget/Info.plist;
				INFOPLIST_KEY_CFBundleDisplayName = "Cal Hub";
				INFOPLIST_KEY_NSHumanReadableCopyright = "";
				LD_RUNPATH_SEARCH_PATHS = (
					"$(inherited)",
					"@executable_path/Frameworks",
					"@executable_path/../../Frameworks",
					"@executable_path/../../../../Frameworks",
				);
				MARKETING_VERSION = 1.0;
				PRODUCT_BUNDLE_IDENTIFIER = "net.unwraps.Shift-Hub.iOS.watchkitapp.widget";
				PRODUCT_NAME = "$(TARGET_NAME)";
				SDKROOT = watchos;
				SKIP_INSTALL = YES;
				STRING_CATALOG_GENERATE_SYMBOLS = YES;
				SWIFT_APPROACHABLE_CONCURRENCY = YES;
				SWIFT_EMIT_LOC_STRINGS = YES;
				SWIFT_UPCOMING_FEATURE_MEMBER_IMPORT_VISIBILITY = YES;
				SWIFT_VERSION = 5.0;
				TARGETED_DEVICE_FAMILY = 4;
				VALIDATE_PRODUCT = YES;
				WATCHOS_DEPLOYMENT_TARGET = 10.0;
			};
			name = Release;
		};
		A10000000000000000000048 /* Debug */ = {
			isa = XCBuildConfiguration;
			buildSettings = {
				APPLICATION_EXTENSION_API_ONLY = YES;
				CODE_SIGN_ENTITLEMENTS = "CalHubWidgetExtension/CalHubWidgetExtension-iOS.entitlements";
				CODE_SIGN_STYLE = Automatic;
				CURRENT_PROJECT_VERSION = 1;
				DEVELOPMENT_TEAM = DU562ND7L2;
				GENERATE_INFOPLIST_FILE = NO;
				INFOPLIST_FILE = "CalHubWidgetExtension-iOS-Info.plist";
				IPHONEOS_DEPLOYMENT_TARGET = 18.0;
				MARKETING_VERSION = 1.0;
				PRODUCT_BUNDLE_IDENTIFIER = "net.unwraps.Shift-Hub.iOS.Widget";
				PRODUCT_NAME = "CalHubWidgetExtension-iOS";
				SDKROOT = iphoneos;
				SKIP_INSTALL = YES;
				SWIFT_DEFAULT_ACTOR_ISOLATION = MainActor;
				SWIFT_VERSION = 5.0;
				TARGETED_DEVICE_FAMILY = "1,2";
			};
			name = Debug;
		};
		A10000000000000000000049 /* Release */ = {
			isa = XCBuildConfiguration;
			buildSettings = {
				APPLICATION_EXTENSION_API_ONLY = YES;
				CODE_SIGN_ENTITLEMENTS = "CalHubWidgetExtension/CalHubWidgetExtension-iOS.entitlements";
				CODE_SIGN_STYLE = Automatic;
				CURRENT_PROJECT_VERSION = 1;
				DEVELOPMENT_TEAM = DU562ND7L2;
				GENERATE_INFOPLIST_FILE = NO;
				INFOPLIST_FILE = "CalHubWidgetExtension-iOS-Info.plist";
				IPHONEOS_DEPLOYMENT_TARGET = 18.0;
				MARKETING_VERSION = 1.0;
				PRODUCT_BUNDLE_IDENTIFIER = "net.unwraps.Shift-Hub.iOS.Widget";
				PRODUCT_NAME = "CalHubWidgetExtension-iOS";
				SDKROOT = iphoneos;
				SKIP_INSTALL = YES;
				SWIFT_DEFAULT_ACTOR_ISOLATION = MainActor;
				SWIFT_VERSION = 5.0;
				TARGETED_DEVICE_FAMILY = "1,2";
			};
			name = Release;
		};
		A1000000000000000000004A /* Debug */ = {
			isa = XCBuildConfiguration;
			buildSettings = {
				APPLICATION_EXTENSION_API_ONLY = YES;
				CODE_SIGN_ENTITLEMENTS = CalHubWidgetExtension/CalHubWidgetExtension.entitlements;
				CODE_SIGN_STYLE = Automatic;
				CURRENT_PROJECT_VERSION = 1;
				DEVELOPMENT_TEAM = DU562ND7L2;
				ENABLE_APP_SANDBOX = YES;
				ENABLE_HARDENED_RUNTIME = YES;
				ENABLE_INCOMING_NETWORK_CONNECTIONS = NO;
				ENABLE_OUTGOING_NETWORK_CONNECTIONS = YES;
				ENABLE_RESOURCE_ACCESS_AUDIO_INPUT = NO;
				ENABLE_RESOURCE_ACCESS_BLUETOOTH = NO;
				ENABLE_RESOURCE_ACCESS_CALENDARS = YES;
				ENABLE_RESOURCE_ACCESS_CAMERA = NO;
				ENABLE_RESOURCE_ACCESS_CONTACTS = NO;
				ENABLE_RESOURCE_ACCESS_LOCATION = NO;
				ENABLE_RESOURCE_ACCESS_PRINTING = NO;
				ENABLE_RESOURCE_ACCESS_USB = NO;
				GENERATE_INFOPLIST_FILE = NO;
				INFOPLIST_FILE = "CalHubWidgetExtension-macOS-Info.plist";
				MACOSX_DEPLOYMENT_TARGET = 14.0;
				MARKETING_VERSION = 1.0;
				PRODUCT_BUNDLE_IDENTIFIER = "net.unwraps.Shift-Upload.Widget";
				PRODUCT_NAME = "CalHubWidgetExtension-macOS";
				REGISTER_APP_GROUPS = YES;
				SDKROOT = macosx;
				SKIP_INSTALL = YES;
				SWIFT_DEFAULT_ACTOR_ISOLATION = MainActor;
				SWIFT_VERSION = 5.0;
			};
			name = Debug;
		};
		A1000000000000000000004B /* Release */ = {
			isa = XCBuildConfiguration;
			buildSettings = {
				APPLICATION_EXTENSION_API_ONLY = YES;
				CODE_SIGN_ENTITLEMENTS = CalHubWidgetExtension/CalHubWidgetExtension.entitlements;
				CODE_SIGN_STYLE = Automatic;
				CURRENT_PROJECT_VERSION = 1;
				DEVELOPMENT_TEAM = DU562ND7L2;
				ENABLE_APP_SANDBOX = YES;
				ENABLE_HARDENED_RUNTIME = YES;
				ENABLE_INCOMING_NETWORK_CONNECTIONS = NO;
				ENABLE_OUTGOING_NETWORK_CONNECTIONS = YES;
				ENABLE_RESOURCE_ACCESS_AUDIO_INPUT = NO;
				ENABLE_RESOURCE_ACCESS_BLUETOOTH = NO;
				ENABLE_RESOURCE_ACCESS_CALENDARS = YES;
				ENABLE_RESOURCE_ACCESS_CAMERA = NO;
				ENABLE_RESOURCE_ACCESS_CONTACTS = NO;
				ENABLE_RESOURCE_ACCESS_LOCATION = NO;
				ENABLE_RESOURCE_ACCESS_PRINTING = NO;
				ENABLE_RESOURCE_ACCESS_USB = NO;
				GENERATE_INFOPLIST_FILE = NO;
				INFOPLIST_FILE = "CalHubWidgetExtension-macOS-Info.plist";
				MACOSX_DEPLOYMENT_TARGET = 14.0;
				MARKETING_VERSION = 1.0;
				PRODUCT_BUNDLE_IDENTIFIER = "net.unwraps.Shift-Upload.Widget";
				PRODUCT_NAME = "CalHubWidgetExtension-macOS";
				REGISTER_APP_GROUPS = YES;
				SDKROOT = macosx;
				SKIP_INSTALL = YES;
				SWIFT_DEFAULT_ACTOR_ISOLATION = MainActor;
				SWIFT_VERSION = 5.0;
			};
			name = Release;
		};
/* End XCBuildConfiguration section */

/* Begin XCConfigurationList section */
		08264837304FBF7600BEFF29 /* Build configuration list for PBXProject "Shift Upload" */ = {
			isa = XCConfigurationList;
			buildConfigurations = (
				08264845304FBF7700BEFF29 /* Debug */,
				08264846304FBF7700BEFF29 /* Release */,
			);
			defaultConfigurationIsVisible = 0;
			defaultConfigurationName = Release;
		};
		08264847304FBF7700BEFF29 /* Build configuration list for PBXNativeTarget "Shift Upload" */ = {
			isa = XCConfigurationList;
			buildConfigurations = (
				08264848304FBF7700BEFF29 /* Debug */,
				08264849304FBF7700BEFF29 /* Release */,
			);
			defaultConfigurationIsVisible = 0;
			defaultConfigurationName = Release;
		};
		08264855304FBF7600BEFF29 /* Build configuration list for PBXNativeTarget "Shift Hub iOS" */ = {
			isa = XCConfigurationList;
			buildConfigurations = (
				08264856304FBF7600BEFF29 /* Debug */,
				08264857304FBF7600BEFF29 /* Release */,
			);
			defaultConfigurationIsVisible = 0;
			defaultConfigurationName = Release;
		};
		082E46A9306F664300EED5C3 /* Build configuration list for PBXNativeTarget "CalHubWatch Watch App" */ = {
			isa = XCConfigurationList;
			buildConfigurations = (
				082E46AA306F664300EED5C3 /* Debug */,
				082E46AB306F664300EED5C3 /* Release */,
			);
			defaultConfigurationIsVisible = 0;
			defaultConfigurationName = Release;
		};
		082E46C3306F667200EED5C3 /* Build configuration list for PBXNativeTarget "CalHubWatchWidgetExtension" */ = {
			isa = XCConfigurationList;
			buildConfigurations = (
				082E46C4306F667200EED5C3 /* Debug */,
				082E46C5306F667200EED5C3 /* Release */,
			);
			defaultConfigurationIsVisible = 0;
			defaultConfigurationName = Release;
		};
		A10000000000000000000046 /* Build configuration list for PBXNativeTarget "CalHubWidgetExtension-iOS" */ = {
			isa = XCConfigurationList;
			buildConfigurations = (
				A10000000000000000000048 /* Debug */,
				A10000000000000000000049 /* Release */,
			);
			defaultConfigurationIsVisible = 0;
			defaultConfigurationName = Release;
		};
		A10000000000000000000047 /* Build configuration list for PBXNativeTarget "CalHubWidgetExtension-macOS" */ = {
			isa = XCConfigurationList;
			buildConfigurations = (
				A1000000000000000000004A /* Debug */,
				A1000000000000000000004B /* Release */,
			);
			defaultConfigurationIsVisible = 0;
			defaultConfigurationName = Release;
		};
/* End XCConfigurationList section */
	};
	rootObject = 08264834304FBF7600BEFF29 /* Project object */;
}
